// !$*UTF8*$!
{
	archiveVersion = 1;
	classes = {
	};
	objectVersion = 56;
	objects = {

/* Begin PBXBuildFile section */
		873B92A12A7134E9003242CD /* AppDelegate.swift in Sources */ = {isa = PBXBuildFile; fileRef = 873B92A02A7134E9003242CD /* AppDelegate.swift */; };
		873B92A32A7134E9003242CD /* SceneDelegate.swift in Sources */ = {isa = PBXBuildFile; fileRef = 873B92A22A7134E9003242CD /* SceneDelegate.swift */; };
		873B92AB2A7134E9003242CD /* CurrencyConverterApp.xcdatamodeld in Sources */ = {isa = PBXBuildFile; fileRef = 873B92A92A7134E9003242CD /* CurrencyConverterApp.xcdatamodeld */; };
		873B92AD2A7134EB003242CD /* Assets.xcassets in Resources */ = {isa = PBXBuildFile; fileRef = 873B92AC2A7134EB003242CD /* Assets.xcassets */; };
		873B92B02A7134EB003242CD /* LaunchScreen.storyboard in Resources */ = {isa = PBXBuildFile; fileRef = 873B92AE2A7134EB003242CD /* LaunchScreen.storyboard */; };
		873B92BD2A713791003242CD /* MainTabBarController.swift in Sources */ = {isa = PBXBuildFile; fileRef = 873B92BC2A713791003242CD /* MainTabBarController.swift */; };
		873B92C22A713A23003242CD /* MainTabBarItemModel.swift in Sources */ = {isa = PBXBuildFile; fileRef = 873B92C12A713A23003242CD /* MainTabBarItemModel.swift */; };
		873B92C42A713A90003242CD /* MainTabBarViewModel.swift in Sources */ = {isa = PBXBuildFile; fileRef = 873B92C32A713A90003242CD /* MainTabBarViewModel.swift */; };
		873B92C62A71405B003242CD /* CurrencyListTableViewController.swift in Sources */ = {isa = PBXBuildFile; fileRef = 873B92C52A71405B003242CD /* CurrencyListTableViewController.swift */; };
		873B92C82A7140AB003242CD /* WalletTableViewController.swift in Sources */ = {isa = PBXBuildFile; fileRef = 873B92C72A7140AB003242CD /* WalletTableViewController.swift */; };
/* End PBXBuildFile section */

/* Begin PBXFileReference section */
		873B929D2A7134E9003242CD /* CurrencyConverterApp.app */ = {isa = PBXFileReference; explicitFileType = wrapper.application; includeInIndex = 0; path = CurrencyConverterApp.app; sourceTree = BUILT_PRODUCTS_DIR; };
		873B92A02A7134E9003242CD /* AppDelegate.swift */ = {isa = PBXFileReference; lastKnownFileType = sourcecode.swift; path = AppDelegate.swift; sourceTree = "<group>"; };
		873B92A22A7134E9003242CD /* SceneDelegate.swift */ = {isa = PBXFileReference; lastKnownFileType = sourcecode.swift; path = SceneDelegate.swift; sourceTree = "<group>"; };
		873B92AA2A7134E9003242CD /* CurrencyConverterApp.xcdatamodel */ = {isa = PBXFileReference; lastKnownFileType = wrapper.xcdatamodel; path = CurrencyConverterApp.xcdatamodel; sourceTree = "<group>"; };
		873B92AC2A7134EB003242CD /* Assets.xcassets */ = {isa = PBXFileReference; lastKnownFileType = folder.assetcatalog; path = Assets.xcassets; sourceTree = "<group>"; };
		873B92AF2A7134EB003242CD /* Base */ = {isa = PBXFileReference; lastKnownFileType = file.storyboard; name = Base; path = Base.lproj/LaunchScreen.storyboard; sourceTree = "<group>"; };
		873B92B12A7134EB003242CD /* Info.plist */ = {isa = PBXFileReference; lastKnownFileType = text.plist.xml; path = Info.plist; sourceTree = "<group>"; };
		873B92BC2A713791003242CD /* MainTabBarController.swift */ = {isa = PBXFileReference; lastKnownFileType = sourcecode.swift; path = MainTabBarController.swift; sourceTree = "<group>"; };
		873B92C12A713A23003242CD /* MainTabBarItemModel.swift */ = {isa = PBXFileReference; lastKnownFileType = sourcecode.swift; path = MainTabBarItemModel.swift; sourceTree = "<group>"; };
		873B92C32A713A90003242CD /* MainTabBarViewModel.swift */ = {isa = PBXFileReference; lastKnownFileType = sourcecode.swift; path = MainTabBarViewModel.swift; sourceTree = "<group>"; };
		873B92C52A71405B003242CD /* CurrencyListTableViewController.swift */ = {isa = PBXFileReference; lastKnownFileType = sourcecode.swift; path = CurrencyListTableViewController.swift; sourceTree = "<group>"; };
		873B92C72A7140AB003242CD /* WalletTableViewController.swift */ = {isa = PBXFileReference; lastKnownFileType = sourcecode.swift; path = WalletTableViewController.swift; sourceTree = "<group>"; };
/* End PBXFileReference section */

/* Begin PBXFrameworksBuildPhase section */
		873B929A2A7134E9003242CD /* Frameworks */ = {
			isa = PBXFrameworksBuildPhase;
			buildActionMask = 2147483647;
			files = (
			);
			runOnlyForDeploymentPostprocessing = 0;
		};
/* End PBXFrameworksBuildPhase section */

/* Begin PBXGroup section */
		873B92942A7134E9003242CD = {
			isa = PBXGroup;
			children = (
				873B929F2A7134E9003242CD /* CurrencyConverterApp */,
				873B929E2A7134E9003242CD /* Products */,
			);
			sourceTree = "<group>";
		};
		873B929E2A7134E9003242CD /* Products */ = {
			isa = PBXGroup;
			children = (
				873B929D2A7134E9003242CD /* CurrencyConverterApp.app */,
			);
			name = Products;
			sourceTree = "<group>";
		};
		873B929F2A7134E9003242CD /* CurrencyConverterApp */ = {
			isa = PBXGroup;
			children = (
				873B92C02A7139FB003242CD /* Models */,
				873B92BF2A7139F4003242CD /* ViewModels */,
				873B92BE2A7139D2003242CD /* Views */,
				873B92B82A713692003242CD /* Supporting */,
				873B92B72A713661003242CD /* CoreData */,
				873B92B12A7134EB003242CD /* Info.plist */,
			);
			path = CurrencyConverterApp;
			sourceTree = "<group>";
		};
		873B92B72A713661003242CD /* CoreData */ = {
			isa = PBXGroup;
			children = (
				873B92A92A7134E9003242CD /* CurrencyConverterApp.xcdatamodeld */,
			);
			path = CoreData;
			sourceTree = "<group>";
		};
		873B92B82A713692003242CD /* Supporting */ = {
			isa = PBXGroup;
			children = (
				873B92A02A7134E9003242CD /* AppDelegate.swift */,
				873B92A22A7134E9003242CD /* SceneDelegate.swift */,
				873B92AC2A7134EB003242CD /* Assets.xcassets */,
				873B92AE2A7134EB003242CD /* LaunchScreen.storyboard */,
			);
			path = Supporting;
			sourceTree = "<group>";
		};
		873B92BE2A7139D2003242CD /* Views */ = {
			isa = PBXGroup;
			children = (
				873B92BC2A713791003242CD /* MainTabBarController.swift */,
				873B92C52A71405B003242CD /* CurrencyListTableViewController.swift */,
				873B92C72A7140AB003242CD /* WalletTableViewController.swift */,
			);
			path = Views;
			sourceTree = "<group>";
		};
		873B92BF2A7139F4003242CD /* ViewModels */ = {
			isa = PBXGroup;
			children = (
				873B92C32A713A90003242CD /* MainTabBarViewModel.swift */,
			);
			path = ViewModels;
			sourceTree = "<group>";
		};
		873B92C02A7139FB003242CD /* Models */ = {
			isa = PBXGroup;
			children = (
				873B92C12A713A23003242CD /* MainTabBarItemModel.swift */,
			);
			path = Models;
			sourceTree = "<group>";
		};
/* End PBXGroup section */

/* Begin PBXNativeTarget section */
		873B929C2A7134E9003242CD /* CurrencyConverterApp */ = {
			isa = PBXNativeTarget;
			buildConfigurationList = 873B92B42A7134EB003242CD /* Build configuration list for PBXNativeTarget "CurrencyConverterApp" */;
			buildPhases = (
				873B92992A7134E9003242CD /* Sources */,
				873B929A2A7134E9003242CD /* Frameworks */,
				873B929B2A7134E9003242CD /* Resources */,
			);
			buildRules = (
			);
			dependencies = (
			);
			name = CurrencyConverterApp;
			productName = CurrencyConverterApp;
			productReference = 873B929D2A7134E9003242CD /* CurrencyConverterApp.app */;
			productType = "com.apple.product-type.application";
		};
/* End PBXNativeTarget section */

/* Begin PBXProject section */
		873B92952A7134E9003242CD /* Project object */ = {
			isa = PBXProject;
			attributes = {
				BuildIndependentTargetsInParallel = 1;
				LastSwiftUpdateCheck = 1420;
				LastUpgradeCheck = 1420;
				TargetAttributes = {
					873B929C2A7134E9003242CD = {
						CreatedOnToolsVersion = 14.2;
					};
				};
			};
			buildConfigurationList = 873B92982A7134E9003242CD /* Build configuration list for PBXProject "CurrencyConverterApp" */;
			compatibilityVersion = "Xcode 14.0";
			developmentRegion = en;
			hasScannedForEncodings = 0;
			knownRegions = (
				en,
				Base,
			);
			mainGroup = 873B92942A7134E9003242CD;
			productRefGroup = 873B929E2A7134E9003242CD /* Products */;
			projectDirPath = "";
			projectRoot = "";
			targets = (
				873B929C2A7134E9003242CD /* CurrencyConverterApp */,
			);
		};
/* End PBXProject section */

/* Begin PBXResourcesBuildPhase section */
		873B929B2A7134E9003242CD /* Resources */ = {
			isa = PBXResourcesBuildPhase;
			buildActionMask = 2147483647;
			files = (
				873B92B02A7134EB003242CD /* LaunchScreen.storyboard in Resources */,
				873B92AD2A7134EB003242CD /* Assets.xcassets in Resources */,
			);
			runOnlyForDeploymentPostprocessing = 0;
		};
/* End PBXResourcesBuildPhase section */

/* Begin PBXSourcesBuildPhase section */
		873B92992A7134E9003242CD /* Sources */ = {
			isa = PBXSourcesBuildPhase;
			buildActionMask = 2147483647;
			files = (
				873B92A12A7134E9003242CD /* AppDelegate.swift in Sources */,
				873B92C62A71405B003242CD /* CurrencyListTableViewController.swift in Sources */,
				873B92C82A7140AB003242CD /* WalletTableViewController.swift in Sources */,
				873B92A32A7134E9003242CD /* SceneDelegate.swift in Sources */,
				873B92C22A713A23003242CD /* MainTabBarItemModel.swift in Sources */,
				873B92C42A713A90003242CD /* MainTabBarViewModel.swift in Sources */,
				873B92BD2A713791003242CD /* MainTabBarController.swift in Sources */,
				873B92AB2A7134E9003242CD /* CurrencyConverterApp.xcdatamodeld in Sources */,
			);
			runOnlyForDeploymentPostprocessing = 0;
		};
/* End PBXSourcesBuildPhase section */

/* Begin PBXVariantGroup section */
		873B92AE2A7134EB003242CD /* LaunchScreen.storyboard */ = {
			isa = PBXVariantGroup;
			children = (
				873B92AF2A7134EB003242CD /* Base */,
			);
			name = LaunchScreen.storyboard;
			sourceTree = "<group>";
		};
/* End PBXVariantGroup section */

/* Begin XCBuildConfiguration section */
		873B92B22A7134EB003242CD /* Debug */ = {
			isa = XCBuildConfiguration;
			buildSettings = {
				ALWAYS_SEARCH_USER_PATHS = NO;
				CLANG_ANALYZER_NONNULL = YES;
				CLANG_ANALYZER_NUMBER_OBJECT_CONVERSION = YES_AGGRESSIVE;
				CLANG_CXX_LANGUAGE_STANDARD = "gnu++20";
				CLANG_ENABLE_MODULES = YES;
				CLANG_ENABLE_OBJC_ARC = YES;
				CLANG_ENABLE_OBJC_WEAK = YES;
				CLANG_WARN_BLOCK_CAPTURE_AUTORELEASING = YES;
				CLANG_WARN_BOOL_CONVERSION = YES;
				CLANG_WARN_COMMA = YES;
				CLANG_WARN_CONSTANT_CONVERSION = YES;
				CLANG_WARN_DEPRECATED_OBJC_IMPLEMENTATIONS = YES;
				CLANG_WARN_DIRECT_OBJC_ISA_USAGE = YES_ERROR;
				CLANG_WARN_DOCUMENTATION_COMMENTS = YES;
				CLANG_WARN_EMPTY_BODY = YES;
				CLANG_WARN_ENUM_CONVERSION = YES;
				CLANG_WARN_INFINITE_RECURSION = YES;
				CLANG_WARN_INT_CONVERSION = YES;
				CLANG_WARN_NON_LITERAL_NULL_CONVERSION = YES;
				CLANG_WARN_OBJC_IMPLICIT_RETAIN_SELF = YES;
				CLANG_WARN_OBJC_LITERAL_CONVERSION = YES;
				CLANG_WARN_OBJC_ROOT_CLASS = YES_ERROR;
				CLANG_WARN_QUOTED_INCLUDE_IN_FRAMEWORK_HEADER = YES;
				CLANG_WARN_RANGE_LOOP_ANALYSIS = YES;
				CLANG_WARN_STRICT_PROTOTYPES = YES;
				CLANG_WARN_SUSPICIOUS_MOVE = YES;
				CLANG_WARN_UNGUARDED_AVAILABILITY = YES_AGGRESSIVE;
				CLANG_WARN_UNREACHABLE_CODE = YES;
				CLANG_WARN__DUPLICATE_METHOD_MATCH = YES;
				COPY_PHASE_STRIP = NO;
				DEBUG_INFORMATION_FORMAT = dwarf;
				ENABLE_STRICT_OBJC_MSGSEND = YES;
				ENABLE_TESTABILITY = YES;
				GCC_C_LANGUAGE_STANDARD = gnu11;
				GCC_DYNAMIC_NO_PIC = NO;
				GCC_NO_COMMON_BLOCKS = YES;
				GCC_OPTIMIZATION_LEVEL = 0;
				GCC_PREPROCESSOR_DEFINITIONS = (
					"DEBUG=1",
					"$(inherited)",
				);
				GCC_WARN_64_TO_32_BIT_CONVERSION = YES;
				GCC_WARN_ABOUT_RETURN_TYPE = YES_ERROR;
				GCC_WARN_UNDECLARED_SELECTOR = YES;
				GCC_WARN_UNINITIALIZED_AUTOS = YES_AGGRESSIVE;
				GCC_WARN_UNUSED_FUNCTION = YES;
				GCC_WARN_UNUSED_VARIABLE = YES;
				IPHONEOS_DEPLOYMENT_TARGET = 16.2;
				MTL_ENABLE_DEBUG_INFO = INCLUDE_SOURCE;
				MTL_FAST_MATH = YES;
				ONLY_ACTIVE_ARCH = YES;
				SDKROOT = iphoneos;
				SWIFT_ACTIVE_COMPILATION_CONDITIONS = DEBUG;
				SWIFT_OPTIMIZATION_LEVEL = "-Onone";
			};
			name = Debug;
		};
		873B92B32A7134EB003242CD /* Release */ = {
			isa = XCBuildConfiguration;
			buildSettings = {
				ALWAYS_SEARCH_USER_PATHS = NO;
				CLANG_ANALYZER_NONNULL = YES;
				CLANG_ANALYZER_NUMBER_OBJECT_CONVERSION = YES_AGGRESSIVE;
				CLANG_CXX_LANGUAGE_STANDARD = "gnu++20";
				CLANG_ENABLE_MODULES = YES;
				CLANG_ENABLE_OBJC_ARC = YES;
				CLANG_ENABLE_OBJC_WEAK = YES;
				CLANG_WARN_BLOCK_CAPTURE_AUTORELEASING = YES;
				CLANG_WARN_BOOL_CONVERSION = YES;
				CLANG_WARN_COMMA = YES;
				CLANG_WARN_CONSTANT_CONVERSION = YES;
				CLANG_WARN_DEPRECATED_OBJC_IMPLEMENTATIONS = YES;
				CLANG_WARN_DIRECT_OBJC_ISA_USAGE = YES_ERROR;
				CLANG_WARN_DOCUMENTATION_COMMENTS = YES;
				CLANG_WARN_EMPTY_BODY = YES;
				CLANG_WARN_ENUM_CONVERSION = YES;
				CLANG_WARN_INFINITE_RECURSION = YES;
				CLANG_WARN_INT_CONVERSION = YES;
				CLANG_WARN_NON_LITERAL_NULL_CONVERSION = YES;
				CLANG_WARN_OBJC_IMPLICIT_RETAIN_SELF = YES;
				CLANG_WARN_OBJC_LITERAL_CONVERSION = YES;
				CLANG_WARN_OBJC_ROOT_CLASS = YES_ERROR;
				CLANG_WARN_QUOTED_INCLUDE_IN_FRAMEWORK_HEADER = YES;
				CLANG_WARN_RANGE_LOOP_ANALYSIS = YES;
				CLANG_WARN_STRICT_PROTOTYPES = YES;
				CLANG_WARN_SUSPICIOUS_MOVE = YES;
				CLANG_WARN_UNGUARDED_AVAILABILITY = YES_AGGRESSIVE;
				CLANG_WARN_UNREACHABLE_CODE = YES;
				CLANG_WARN__DUPLICATE_METHOD_MATCH = YES;
				COPY_PHASE_STRIP = NO;
				DEBUG_INFORMATION_FORMAT = "dwarf-with-dsym";
				ENABLE_NS_ASSERTIONS = NO;
				ENABLE_STRICT_OBJC_MSGSEND = YES;
				GCC_C_LANGUAGE_STANDARD = gnu11;
				GCC_NO_COMMON_BLOCKS = YES;
				GCC_WARN_64_TO_32_BIT_CONVERSION = YES;
				GCC_WARN_ABOUT_RETURN_TYPE = YES_ERROR;
				GCC_WARN_UNDECLARED_SELECTOR = YES;
				GCC_WARN_UNINITIALIZED_AUTOS = YES_AGGRESSIVE;
				GCC_WARN_UNUSED_FUNCTION = YES;
				GCC_WARN_UNUSED_VARIABLE = YES;
				IPHONEOS_DEPLOYMENT_TARGET = 16.2;
				MTL_ENABLE_DEBUG_INFO = NO;
				MTL_FAST_MATH = YES;
				SDKROOT = iphoneos;
				SWIFT_COMPILATION_MODE = wholemodule;
				SWIFT_OPTIMIZATION_LEVEL = "-O";
				VALIDATE_PRODUCT = YES;
			};
			name = Release;
		};
		873B92B52A7134EB003242CD /* Debug */ = {
			isa = XCBuildConfiguration;
			buildSettings = {
				ASSETCATALOG_COMPILER_APPICON_NAME = AppIcon;
				ASSETCATALOG_COMPILER_GLOBAL_ACCENT_COLOR_NAME = AccentColor;
				CODE_SIGN_STYLE = Automatic;
				CURRENT_PROJECT_VERSION = 1;
				DEVELOPMENT_TEAM = Z349L8W65N;
				GENERATE_INFOPLIST_FILE = YES;
				INFOPLIST_FILE = CurrencyConverterApp/Info.plist;
				INFOPLIST_KEY_UIApplicationSupportsIndirectInputEvents = YES;
				INFOPLIST_KEY_UILaunchStoryboardName = LaunchScreen;
				INFOPLIST_KEY_UISupportedInterfaceOrientations_iPad = "UIInterfaceOrientationPortrait UIInterfaceOrientationPortraitUpsideDown UIInterfaceOrientationLandscapeLeft UIInterfaceOrientationLandscapeRight";
				INFOPLIST_KEY_UISupportedInterfaceOrientations_iPhone = "UIInterfaceOrientationPortrait UIInterfaceOrientationLandscapeLeft UIInterfaceOrientationLandscapeRight";
				IPHONEOS_DEPLOYMENT_TARGET = 15.0;
				LD_RUNPATH_SEARCH_PATHS = (
					"$(inherited)",
					"@executable_path/Frameworks",
				);
				MARKETING_VERSION = 1.0;
				PRODUCT_BUNDLE_IDENTIFIER = vladyslav.CurrencyConverterApp;
				PRODUCT_NAME = "$(TARGET_NAME)";
				SWIFT_EMIT_LOC_STRINGS = YES;
				SWIFT_VERSION = 5.0;
				TARGETED_DEVICE_FAMILY = "1,2";
			};
			name = Debug;
		};
		873B92B62A7134EB003242CD /* Release */ = {
			isa = XCBuildConfiguration;
			buildSettings = {
				ASSETCATALOG_COMPILER_APPICON_NAME = AppIcon;
				ASSETCATALOG_COMPILER_GLOBAL_ACCENT_COLOR_NAME = AccentColor;
				CODE_SIGN_STYLE = Automatic;
				CURRENT_PROJECT_VERSION = 1;
				DEVELOPMENT_TEAM = Z349L8W65N;
				GENERATE_INFOPLIST_FILE = YES;
				INFOPLIST_FILE = CurrencyConverterApp/Info.plist;
				INFOPLIST_KEY_UIApplicationSupportsIndirectInputEvents = YES;
				INFOPLIST_KEY_UILaunchStoryboardName = LaunchScreen;
				INFOPLIST_KEY_UISupportedInterfaceOrientations_iPad = "UIInterfaceOrientationPortrait UIInterfaceOrientationPortraitUpsideDown UIInterfaceOrientationLandscapeLeft UIInterfaceOrientationLandscapeRight";
				INFOPLIST_KEY_UISupportedInterfaceOrientations_iPhone = "UIInterfaceOrientationPortrait UIInterfaceOrientationLandscapeLeft UIInterfaceOrientationLandscapeRight";
				IPHONEOS_DEPLOYMENT_TARGET = 15.0;
				LD_RUNPATH_SEARCH_PATHS = (
					"$(inherited)",
					"@executable_path/Frameworks",
				);
				MARKETING_VERSION = 1.0;
				PRODUCT_BUNDLE_IDENTIFIER = vladyslav.CurrencyConverterApp;
				PRODUCT_NAME = "$(TARGET_NAME)";
				SWIFT_EMIT_LOC_STRINGS = YES;
				SWIFT_VERSION = 5.0;
				TARGETED_DEVICE_FAMILY = "1,2";
			};
			name = Release;
		};
/* End XCBuildConfiguration section */

/* Begin XCConfigurationList section */
		873B92982A7134E9003242CD /* Build configuration list for PBXProject "CurrencyConverterApp" */ = {
			isa = XCConfigurationList;
			buildConfigurations = (
				873B92B22A7134EB003242CD /* Debug */,
				873B92B32A7134EB003242CD /* Release */,
			);
			defaultConfigurationIsVisible = 0;
			defaultConfigurationName = Release;
		};
		873B92B42A7134EB003242CD /* Build configuration list for PBXNativeTarget "CurrencyConverterApp" */ = {
			isa = XCConfigurationList;
			buildConfigurations = (
				873B92B52A7134EB003242CD /* Debug */,
				873B92B62A7134EB003242CD /* Release */,
			);
			defaultConfigurationIsVisible = 0;
			defaultConfigurationName = Release;
		};
/* End XCConfigurationList section */

/* Begin XCVersionGroup section */
		873B92A92A7134E9003242CD /* CurrencyConverterApp.xcdatamodeld */ = {
			isa = XCVersionGroup;
			children = (
				873B92AA2A7134E9003242CD /* CurrencyConverterApp.xcdatamodel */,
			);
			currentVersion = 873B92AA2A7134E9003242CD /* CurrencyConverterApp.xcdatamodel */;
			path = CurrencyConverterApp.xcdatamodeld;
			sourceTree = "<group>";
			versionGroupType = wrapper.xcdatamodel;
		};
/* End XCVersionGroup section */
	};
	rootObject = 873B92952A7134E9003242CD /* Project object */;
}
